
Microsoft Visual Studio Solution File, Format Version 12.00
# Visual Studio 15
VisualStudioVersion = 15.0.28307.757
MinimumVisualStudioVersion = 10.0.40219.1
Project("{9A19103F-16F7-4668-BE54-9A1E7A4F7556}") = "HEF.Security.Cryptography", "src\HEF.Security.Cryptography\HEF.Security.Cryptography.csproj", "{DE3C5A5E-B57D-4ECE-860E-C50F83685861}"
EndProject
Global
	GlobalSection(SolutionConfigurationPlatforms) = preSolution
		Debug|Any CPU = Debug|Any CPU
		Release|Any CPU = Release|Any CPU
	EndGlobalSection
	GlobalSection(ProjectConfigurationPlatforms) = postSolution
		{DE3C5A5E-B57D-4ECE-860E-C50F83685861}.Debug|Any CPU.ActiveCfg = Debug|Any CPU
		{DE3C5A5E-B57D-4ECE-860E-C50F83685861}.Debug|Any CPU.Build.0 = Debug|Any CPU
		{DE3C5A5E-B57D-4ECE-860E-C50F83685861}.Release|Any CPU.ActiveCfg = Release|Any CPU
		{DE3C5A5E-B57D-4ECE-860E-C50F83685861}.Release|Any CPU.Build.0 = Release|Any CPU
	EndGlobalSection
	GlobalSection(SolutionProperties) = preSolution
		HideSolutionNode = FALSE
	EndGlobalSection
	GlobalSection(ExtensibilityGlobals) = postSolution
		SolutionGuid = {D16D7132-68C9-4B39-9611-587591B1B3DE}
	EndGlobalSection
EndGlobal
